
Microsoft Visual Studio Solution File, Format Version 12.00
# Visual Studio 15
VisualStudioVersion = 15.0.28307.1433
MinimumVisualStudioVersion = 10.0.40219.1
Project("{8BC9CEB8-8B4A-11D0-8D11-00A0C91BC942}") = "DataContainers", "DataContainers\DataContainers.vcxproj", "{6E96F19D-90C8-4F78-B297-82FE81808E85}"
EndProject
Project("{8BC9CEB8-8B4A-11D0-8D11-00A0C91BC942}") = "ForwardList", "ForwardList\ForwardList.vcxproj", "{B5C29D22-67E9-4C6D-9EA1-BC52A3B0DBFD}"
EndProject
Project("{8BC9CEB8-8B4A-11D0-8D11-00A0C91BC942}") = "ForwardList day 2", "ForwardList day 2\ForwardList day 2.vcxproj", "{50A5951B-C403-422A-B4AD-3E9A3E7E98C0}"
EndProject
Project("{8BC9CEB8-8B4A-11D0-8D11-00A0C91BC942}") = "Home work 8 OOP (ForwardList)", "Home work 8 OOP (ForwardList)\Home work 8 OOP (ForwardList).vcxproj", "{5F41519E-1C1D-49B6-8FD1-C3F755AEF223}"
EndProject
Project("{8BC9CEB8-8B4A-11D0-8D11-00A0C91BC942}") = "ForwardList day 1-2", "ForwardList day 1-2\ForwardList day 1-2.vcxproj", "{BD74D93D-29C4-4DF0-B555-D7F365970ED6}"
EndProject
Project("{8BC9CEB8-8B4A-11D0-8D11-00A0C91BC942}") = "ForwardList day 3", "ForwardList day 3\ForwardList day 3.vcxproj", "{8A95A365-7BE0-4769-887B-4E5C90F7925B}"
EndProject
Project("{8BC9CEB8-8B4A-11D0-8D11-00A0C91BC942}") = "List2", "List2\List2.vcxproj", "{E7E32746-45C7-4E00-A4CE-15B75CEC1A7B}"
EndProject
Project("{8BC9CEB8-8B4A-11D0-8D11-00A0C91BC942}") = "Home work 9 OOP (List2)", "Home work 9 OOP (List2)\Home work 9 OOP (List2).vcxproj", "{D424F876-EC26-4B3B-A305-7642F6EF641E}"
EndProject
Project("{8BC9CEB8-8B4A-11D0-8D11-00A0C91BC942}") = "List2(1)", "List2(1)\List2(1).vcxproj", "{9B21F251-E52D-43FE-A849-0CAD7229DB5B}"
EndProject
Project("{8BC9CEB8-8B4A-11D0-8D11-00A0C91BC942}") = "List2(3)", "List2(3)\List2(3).vcxproj", "{6E9D8722-6F5C-4A63-B35B-23EDF570D63A}"
EndProject
Global
	GlobalSection(SolutionConfigurationPlatforms) = preSolution
		Debug|x64 = Debug|x64
		Debug|x86 = Debug|x86
		Release|x64 = Release|x64
		Release|x86 = Release|x86
	EndGlobalSection
	GlobalSection(ProjectConfigurationPlatforms) = postSolution
		{6E96F19D-90C8-4F78-B297-82FE81808E85}.Debug|x64.ActiveCfg = Debug|x64
		{6E96F19D-90C8-4F78-B297-82FE81808E85}.Debug|x64.Build.0 = Debug|x64
		{6E96F19D-90C8-4F78-B297-82FE81808E85}.Debug|x86.ActiveCfg = Debug|Win32
		{6E96F19D-90C8-4F78-B297-82FE81808E85}.Debug|x86.Build.0 = Debug|Win32
		{6E96F19D-90C8-4F78-B297-82FE81808E85}.Release|x64.ActiveCfg = Release|x64
		{6E96F19D-90C8-4F78-B297-82FE81808E85}.Release|x64.Build.0 = Release|x64
		{6E96F19D-90C8-4F78-B297-82FE81808E85}.Release|x86.ActiveCfg = Release|Win32
		{6E96F19D-90C8-4F78-B297-82FE81808E85}.Release|x86.Build.0 = Release|Win32
		{B5C29D22-67E9-4C6D-9EA1-BC52A3B0DBFD}.Debug|x64.ActiveCfg = Debug|x64
		{B5C29D22-67E9-4C6D-9EA1-BC52A3B0DBFD}.Debug|x64.Build.0 = Debug|x64
		{B5C29D22-67E9-4C6D-9EA1-BC52A3B0DBFD}.Debug|x86.ActiveCfg = Debug|Win32
		{B5C29D22-67E9-4C6D-9EA1-BC52A3B0DBFD}.Debug|x86.Build.0 = Debug|Win32
		{B5C29D22-67E9-4C6D-9EA1-BC52A3B0DBFD}.Release|x64.ActiveCfg = Release|x64
		{B5C29D22-67E9-4C6D-9EA1-BC52A3B0DBFD}.Release|x64.Build.0 = Release|x64
		{B5C29D22-67E9-4C6D-9EA1-BC52A3B0DBFD}.Release|x86.ActiveCfg = Release|Win32
		{B5C29D22-67E9-4C6D-9EA1-BC52A3B0DBFD}.Release|x86.Build.0 = Release|Win32
		{50A5951B-C403-422A-B4AD-3E9A3E7E98C0}.Debug|x64.ActiveCfg = Debug|x64
		{50A5951B-C403-422A-B4AD-3E9A3E7E98C0}.Debug|x64.Build.0 = Debug|x64
		{50A5951B-C403-422A-B4AD-3E9A3E7E98C0}.Debug|x86.ActiveCfg = Debug|Win32
		{50A5951B-C403-422A-B4AD-3E9A3E7E98C0}.Debug|x86.Build.0 = Debug|Win32
		{50A5951B-C403-422A-B4AD-3E9A3E7E98C0}.Release|x64.ActiveCfg = Release|x64
		{50A5951B-C403-422A-B4AD-3E9A3E7E98C0}.Release|x64.Build.0 = Release|x64
		{50A5951B-C403-422A-B4AD-3E9A3E7E98C0}.Release|x86.ActiveCfg = Release|Win32
		{50A5951B-C403-422A-B4AD-3E9A3E7E98C0}.Release|x86.Build.0 = Release|Win32
		{5F41519E-1C1D-49B6-8FD1-C3F755AEF223}.Debug|x64.ActiveCfg = Debug|x64
		{5F41519E-1C1D-49B6-8FD1-C3F755AEF223}.Debug|x64.Build.0 = Debug|x64
		{5F41519E-1C1D-49B6-8FD1-C3F755AEF223}.Debug|x86.ActiveCfg = Debug|Win32
		{5F41519E-1C1D-49B6-8FD1-C3F755AEF223}.Debug|x86.Build.0 = Debug|Win32
		{5F41519E-1C1D-49B6-8FD1-C3F755AEF223}.Release|x64.ActiveCfg = Release|x64
		{5F41519E-1C1D-49B6-8FD1-C3F755AEF223}.Release|x64.Build.0 = Release|x64
		{5F41519E-1C1D-49B6-8FD1-C3F755AEF223}.Release|x86.ActiveCfg = Release|Win32
		{5F41519E-1C1D-49B6-8FD1-C3F755AEF223}.Release|x86.Build.0 = Release|Win32
		{BD74D93D-29C4-4DF0-B555-D7F365970ED6}.Debug|x64.ActiveCfg = Debug|x64
		{BD74D93D-29C4-4DF0-B555-D7F365970ED6}.Debug|x64.Build.0 = Debug|x64
		{BD74D93D-29C4-4DF0-B555-D7F365970ED6}.Debug|x86.ActiveCfg = Debug|Win32
		{BD74D93D-29C4-4DF0-B555-D7F365970ED6}.Debug|x86.Build.0 = Debug|Win32
		{BD74D93D-29C4-4DF0-B555-D7F365970ED6}.Release|x64.ActiveCfg = Release|x64
		{BD74D93D-29C4-4DF0-B555-D7F365970ED6}.Release|x64.Build.0 = Release|x64
		{BD74D93D-29C4-4DF0-B555-D7F365970ED6}.Release|x86.ActiveCfg = Release|Win32
		{BD74D93D-29C4-4DF0-B555-D7F365970ED6}.Release|x86.Build.0 = Release|Win32
		{8A95A365-7BE0-4769-887B-4E5C90F7925B}.Debug|x64.ActiveCfg = Debug|x64
		{8A95A365-7BE0-4769-887B-4E5C90F7925B}.Debug|x64.Build.0 = Debug|x64
		{8A95A365-7BE0-4769-887B-4E5C90F7925B}.Debug|x86.ActiveCfg = Debug|Win32
		{8A95A365-7BE0-4769-887B-4E5C90F7925B}.Debug|x86.Build.0 = Debug|Win32
		{8A95A365-7BE0-4769-887B-4E5C90F7925B}.Release|x64.ActiveCfg = Release|x64
		{8A95A365-7BE0-4769-887B-4E5C90F7925B}.Release|x64.Build.0 = Release|x64
		{8A95A365-7BE0-4769-887B-4E5C90F7925B}.Release|x86.ActiveCfg = Release|Win32
		{8A95A365-7BE0-4769-887B-4E5C90F7925B}.Release|x86.Build.0 = Release|Win32
		{E7E32746-45C7-4E00-A4CE-15B75CEC1A7B}.Debug|x64.ActiveCfg = Debug|x64
		{E7E32746-45C7-4E00-A4CE-15B75CEC1A7B}.Debug|x64.Build.0 = Debug|x64
		{E7E32746-45C7-4E00-A4CE-15B75CEC1A7B}.Debug|x86.ActiveCfg = Debug|Win32
		{E7E32746-45C7-4E00-A4CE-15B75CEC1A7B}.Debug|x86.Build.0 = Debug|Win32
		{E7E32746-45C7-4E00-A4CE-15B75CEC1A7B}.Release|x64.ActiveCfg = Release|x64
		{E7E32746-45C7-4E00-A4CE-15B75CEC1A7B}.Release|x64.Build.0 = Release|x64
		{E7E32746-45C7-4E00-A4CE-15B75CEC1A7B}.Release|x86.ActiveCfg = Release|Win32
		{E7E32746-45C7-4E00-A4CE-15B75CEC1A7B}.Release|x86.Build.0 = Release|Win32
		{D424F876-EC26-4B3B-A305-7642F6EF641E}.Debug|x64.ActiveCfg = Debug|x64
		{D424F876-EC26-4B3B-A305-7642F6EF641E}.Debug|x64.Build.0 = Debug|x64
		{D424F876-EC26-4B3B-A305-7642F6EF641E}.Debug|x86.ActiveCfg = Debug|Win32
		{D424F876-EC26-4B3B-A305-7642F6EF641E}.Debug|x86.Build.0 = Debug|Win32
		{D424F876-EC26-4B3B-A305-7642F6EF641E}.Release|x64.ActiveCfg = Release|x64
		{D424F876-EC26-4B3B-A305-7642F6EF641E}.Release|x64.Build.0 = Release|x64
		{D424F876-EC26-4B3B-A305-7642F6EF641E}.Release|x86.ActiveCfg = Release|Win32
		{D424F876-EC26-4B3B-A305-7642F6EF641E}.Release|x86.Build.0 = Release|Win32
		{9B21F251-E52D-43FE-A849-0CAD7229DB5B}.Debug|x64.ActiveCfg = Debug|x64
		{9B21F251-E52D-43FE-A849-0CAD7229DB5B}.Debug|x64.Build.0 = Debug|x64
		{9B21F251-E52D-43FE-A849-0CAD7229DB5B}.Debug|x86.ActiveCfg = Debug|Win32
		{9B21F251-E52D-43FE-A849-0CAD7229DB5B}.Debug|x86.Build.0 = Debug|Win32
		{9B21F251-E52D-43FE-A849-0CAD7229DB5B}.Release|x64.ActiveCfg = Release|x64
		{9B21F251-E52D-43FE-A849-0CAD7229DB5B}.Release|x64.Build.0 = Release|x64
		{9B21F251-E52D-43FE-A849-0CAD7229DB5B}.Release|x86.ActiveCfg = Release|Win32
		{9B21F251-E52D-43FE-A849-0CAD7229DB5B}.Release|x86.Build.0 = Release|Win32
		{6E9D8722-6F5C-4A63-B35B-23EDF570D63A}.Debug|x64.ActiveCfg = Debug|x64
		{6E9D8722-6F5C-4A63-B35B-23EDF570D63A}.Debug|x64.Build.0 = Debug|x64
		{6E9D8722-6F5C-4A63-B35B-23EDF570D63A}.Debug|x86.ActiveCfg = Debug|Win32
		{6E9D8722-6F5C-4A63-B35B-23EDF570D63A}.Debug|x86.Build.0 = Debug|Win32
		{6E9D8722-6F5C-4A63-B35B-23EDF570D63A}.Release|x64.ActiveCfg = Release|x64
		{6E9D8722-6F5C-4A63-B35B-23EDF570D63A}.Release|x64.Build.0 = Release|x64
		{6E9D8722-6F5C-4A63-B35B-23EDF570D63A}.Release|x86.ActiveCfg = Release|Win32
		{6E9D8722-6F5C-4A63-B35B-23EDF570D63A}.Release|x86.Build.0 = Release|Win32
	EndGlobalSection
	GlobalSection(SolutionProperties) = preSolution
		HideSolutionNode = FALSE
	EndGlobalSection
	GlobalSection(ExtensibilityGlobals) = postSolution
		SolutionGuid = {DC1BDB17-A2F2-47E3-AFDC-B84B4AD548D8}
	EndGlobalSection
EndGlobal
